// !$*UTF8*$!
{
	archiveVersion = 1;
	classes = {
	};
	objectVersion = 77;
	objects = {

/* Begin PBXContainerItemProxy section */
		1889B3212E4A4695006EDFFA /* PBXContainerItemProxy */ = {
			isa = PBXContainerItemProxy;
			containerPortal = 1889B30B2E4A4694006EDFFA /* Project object */;
			proxyType = 1;
			remoteGlobalIDString = 1889B3122E4A4694006EDFFA;
			remoteInfo = GolfSimApp;
		};
		1889B32B2E4A4695006EDFFA /* PBXContainerItemProxy */ = {
			isa = PBXContainerItemProxy;
			containerPortal = 1889B30B2E4A4694006EDFFA /* Project object */;
			proxyType = 1;
			remoteGlobalIDString = 1889B3122E4A4694006EDFFA;
			remoteInfo = GolfSimApp;
		};
/* End PBXContainerItemProxy section */

/* Begin PBXFileReference section */
		1889B3132E4A4694006EDFFA /* GolfSimApp.app */ = {isa = PBXFileReference; explicitFileType = wrapper.application; includeInIndex = 0; path = GolfSimApp.app; sourceTree = BUILT_PRODUCTS_DIR; };
		1889B3202E4A4695006EDFFA /* GolfSimAppTests.xctest */ = {isa = PBXFileReference; explicitFileType = wrapper.cfbundle; includeInIndex = 0; path = GolfSimAppTests.xctest; sourceTree = BUILT_PRODUCTS_DIR; };
		1889B32A2E4A4695006EDFFA /* GolfSimAppUITests.xctest */ = {isa = PBXFileReference; explicitFileType = wrapper.cfbundle; includeInIndex = 0; path = GolfSimAppUITests.xctest; sourceTree = BUILT_PRODUCTS_DIR; };
/* End PBXFileReference section */

/* Begin PBXFileSystemSynchronizedRootGroup section */
		1889B3152E4A4694006EDFFA /* GolfSimApp */ = {
			isa = PBXFileSystemSynchronizedRootGroup;
			path = GolfSimApp;
			sourceTree = "<group>";
		};
		1889B3232E4A4695006EDFFA /* GolfSimAppTests */ = {
			isa = PBXFileSystemSynchronizedRootGroup;
			path = GolfSimAppTests;
			sourceTree = "<group>";
		};
		1889B32D2E4A4695006EDFFA /* GolfSimAppUITests */ = {
			isa = PBXFileSystemSynchronizedRootGroup;
			path = GolfSimAppUITests;
			sourceTree = "<group>";
		};
/* End PBXFileSystemSynchronizedRootGroup section */

/* Begin PBXFrameworksBuildPhase section */
		1889B3102E4A4694006EDFFA /* Frameworks */ = {
			isa = PBXFrameworksBuildPhase;
			buildActionMask = 2147483647;
			files = (
			);
			runOnlyForDeploymentPostprocessing = 0;
		};
		1889B31D2E4A4695006EDFFA /* Frameworks */ = {
			isa = PBXFrameworksBuildPhase;
			buildActionMask = 2147483647;
			files = (
			);
			runOnlyForDeploymentPostprocessing = 0;
		};
		1889B3272E4A4695006EDFFA /* Frameworks */ = {
			isa = PBXFrameworksBuildPhase;
			buildActionMask = 2147483647;
			files = (
			);
			runOnlyForDeploymentPostprocessing = 0;
		};
/* End PBXFrameworksBuildPhase section */

/* Begin PBXGroup section */
		1889B30A2E4A4694006EDFFA = {
			isa = PBXGroup;
			children = (
				1889B3152E4A4694006EDFFA /* GolfSimApp */,
				1889B3232E4A4695006EDFFA /* GolfSimAppTests */,
				1889B32D2E4A4695006EDFFA /* GolfSimAppUITests */,
				1889B3142E4A4694006EDFFA /* Products */,
			);
			sourceTree = "<group>";
		};
		1889B3142E4A4694006EDFFA /* Products */ = {
			isa = PBXGroup;
			children = (
				1889B3132E4A4694006EDFFA /* GolfSimApp.app */,
				1889B3202E4A4695006EDFFA /* GolfSimAppTests.xctest */,
				1889B32A2E4A4695006EDFFA /* GolfSimAppUITests.xctest */,
			);
			name = Products;
			sourceTree = "<group>";
		};
/* End PBXGroup section */

/* Begin PBXNativeTarget section */
		1889B3122E4A4694006EDFFA /* GolfSimApp */ = {
			isa = PBXNativeTarget;
			buildConfigurationList = 1889B3342E4A4695006EDFFA /* Build configuration list for PBXNativeTarget "GolfSimApp" */;
			buildPhases = (
				1889B30F2E4A4694006EDFFA /* Sources */,
				1889B3102E4A4694006EDFFA /* Frameworks */,
				1889B3112E4A4694006EDFFA /* Resources */,
			);
			buildRules = (
			);
			dependencies = (
			);
			fileSystemSynchronizedGroups = (
				1889B3152E4A4694006EDFFA /* GolfSimApp */,
			);
			name = GolfSimApp;
			packageProductDependencies = (
			);
			productName = GolfSimApp;
			productReference = 1889B3132E4A4694006EDFFA /* GolfSimApp.app */;
			productType = "com.apple.product-type.application";
		};
		1889B31F2E4A4695006EDFFA /* GolfSimAppTests */ = {
			isa = PBXNativeTarget;
			buildConfigurationList = 1889B3372E4A4695006EDFFA /* Build configuration list for PBXNativeTarget "GolfSimAppTests" */;
			buildPhases = (
				1889B31C2E4A4695006EDFFA /* Sources */,
				1889B31D2E4A4695006EDFFA /* Frameworks */,
				1889B31E2E4A4695006EDFFA /* Resources */,
			);
			buildRules = (
			);
			dependencies = (
				1889B3222E4A4695006EDFFA /* PBXTargetDependency */,
			);
			fileSystemSynchronizedGroups = (
				1889B3232E4A4695006EDFFA /* GolfSimAppTests */,
			);
			name = GolfSimAppTests;
			packageProductDependencies = (
			);
			productName = GolfSimAppTests;
			productReference = 1889B3202E4A4695006EDFFA /* GolfSimAppTests.xctest */;
			productType = "com.apple.product-type.bundle.unit-test";
		};
		1889B3292E4A4695006EDFFA /* GolfSimAppUITests */ = {
			isa = PBXNativeTarget;
			buildConfigurationList = 1889B33A2E4A4695006EDFFA /* Build configuration list for PBXNativeTarget "GolfSimAppUITests" */;
			buildPhases = (
				1889B3262E4A4695006EDFFA /* Sources */,
				1889B3272E4A4695006EDFFA /* Frameworks */,
				1889B3282E4A4695006EDFFA /* Resources */,
			);
			buildRules = (
			);
			dependencies = (
				1889B32C2E4A4695006EDFFA /* PBXTargetDependency */,
			);
			fileSystemSynchronizedGroups = (
				1889B32D2E4A4695006EDFFA /* GolfSimAppUITests */,
			);
			name = GolfSimAppUITests;
			packageProductDependencies = (
			);
			productName = GolfSimAppUITests;
			productReference = 1889B32A2E4A4695006EDFFA /* GolfSimAppUITests.xctest */;
			productType = "com.apple.product-type.bundle.ui-testing";
		};
/* End PBXNativeTarget section */

/* Begin PBXProject section */
		1889B30B2E4A4694006EDFFA /* Project object */ = {
			isa = PBXProject;
			attributes = {
				BuildIndependentTargetsInParallel = 1;
				LastSwiftUpdateCheck = 1630;
				LastUpgradeCheck = 1630;
				TargetAttributes = {
					1889B3122E4A4694006EDFFA = {
						CreatedOnToolsVersion = 16.3;
					};
					1889B31F2E4A4695006EDFFA = {
						CreatedOnToolsVersion = 16.3;
						TestTargetID = 1889B3122E4A4694006EDFFA;
					};
					1889B3292E4A4695006EDFFA = {
						CreatedOnToolsVersion = 16.3;
						TestTargetID = 1889B3122E4A4694006EDFFA;
					};
				};
			};
			buildConfigurationList = 1889B30E2E4A4694006EDFFA /* Build configuration list for PBXProject "GolfSimApp" */;
			developmentRegion = en;
			hasScannedForEncodings = 0;
			knownRegions = (
				en,
				Base,
			);
			mainGroup = 1889B30A2E4A4694006EDFFA;
			minimizedProjectReferenceProxies = 1;
			preferredProjectObjectVersion = 77;
			productRefGroup = 1889B3142E4A4694006EDFFA /* Products */;
			projectDirPath = "";
			projectRoot = "";
			targets = (
				1889B3122E4A4694006EDFFA /* GolfSimApp */,
				1889B31F2E4A4695006EDFFA /* GolfSimAppTests */,
				1889B3292E4A4695006EDFFA /* GolfSimAppUITests */,
			);
		};
/* End PBXProject section */

/* Begin PBXResourcesBuildPhase section */
		1889B3112E4A4694006EDFFA /* Resources */ = {
			isa = PBXResourcesBuildPhase;
			buildActionMask = 2147483647;
			files = (
			);
			runOnlyForDeploymentPostprocessing = 0;
		};
		1889B31E2E4A4695006EDFFA /* Resources */ = {
			isa = PBXResourcesBuildPhase;
			buildActionMask = 2147483647;
			files = (
			);
			runOnlyForDeploymentPostprocessing = 0;
		};
		1889B3282E4A4695006EDFFA /* Resources */ = {
			isa = PBXResourcesBuildPhase;
			buildActionMask = 2147483647;
			files = (
			);
			runOnlyForDeploymentPostprocessing = 0;
		};
/* End PBXResourcesBuildPhase section */

/* Begin PBXSourcesBuildPhase section */
		1889B30F2E4A4694006EDFFA /* Sources */ = {
			isa = PBXSourcesBuildPhase;
			buildActionMask = 2147483647;
			files = (
			);
			runOnlyForDeploymentPostprocessing = 0;
		};
		1889B31C2E4A4695006EDFFA /* Sources */ = {
			isa = PBXSourcesBuildPhase;
			buildActionMask = 2147483647;
			files = (
			);
			runOnlyForDeploymentPostprocessing = 0;
		};
		1889B3262E4A4695006EDFFA /* Sources */ = {
			isa = PBXSourcesBuildPhase;
			buildActionMask = 2147483647;
			files = (
			);
			runOnlyForDeploymentPostprocessing = 0;
		};
/* End PBXSourcesBuildPhase section */

/* Begin PBXTargetDependency section */
		1889B3222E4A4695006EDFFA /* PBXTargetDependency */ = {
			isa = PBXTargetDependency;
			target = 1889B3122E4A4694006EDFFA /* GolfSimApp */;
			targetProxy = 1889B3212E4A4695006EDFFA /* PBXContainerItemProxy */;
		};
		1889B32C2E4A4695006EDFFA /* PBXTargetDependency */ = {
			isa = PBXTargetDependency;
			target = 1889B3122E4A4694006EDFFA /* GolfSimApp */;
			targetProxy = 1889B32B2E4A4695006EDFFA /* PBXContainerItemProxy */;
		};
/* End PBXTargetDependency section */

/* Begin XCBuildConfiguration section */
		1889B3322E4A4695006EDFFA /* Debug */ = {
			isa = XCBuildConfiguration;
			buildSettings = {
				ALWAYS_SEARCH_USER_PATHS = NO;
				ASSETCATALOG_COMPILER_GENERATE_SWIFT_ASSET_SYMBOL_EXTENSIONS = YES;
				CLANG_ANALYZER_NONNULL = YES;
				CLANG_ANALYZER_NUMBER_OBJECT_CONVERSION = YES_AGGRESSIVE;
				CLANG_CXX_LANGUAGE_STANDARD = "gnu++20";
				CLANG_ENABLE_MODULES = YES;
				CLANG_ENABLE_OBJC_ARC = YES;
				CLANG_ENABLE_OBJC_WEAK = YES;
				CLANG_WARN_BLOCK_CAPTURE_AUTORELEASING = YES;
				CLANG_WARN_BOOL_CONVERSION = YES;
				CLANG_WARN_COMMA = YES;
				CLANG_WARN_CONSTANT_CONVERSION = YES;
				CLANG_WARN_DEPRECATED_OBJC_IMPLEMENTATIONS = YES;
				CLANG_WARN_DIRECT_OBJC_ISA_USAGE = YES_ERROR;
				CLANG_WARN_DOCUMENTATION_COMMENTS = YES;
				CLANG_WARN_EMPTY_BODY = YES;
				CLANG_WARN_ENUM_CONVERSION = YES;
				CLANG_WARN_INFINITE_RECURSION = YES;
				CLANG_WARN_INT_CONVERSION = YES;
				CLANG_WARN_NON_LITERAL_NULL_CONVERSION = YES;
				CLANG_WARN_OBJC_IMPLICIT_RETAIN_SELF = YES;
				CLANG_WARN_OBJC_LITERAL_CONVERSION = YES;
				CLANG_WARN_OBJC_ROOT_CLASS = YES_ERROR;
				CLANG_WARN_QUOTED_INCLUDE_IN_FRAMEWORK_HEADER = YES;
				CLANG_WARN_RANGE_LOOP_ANALYSIS = YES;
				CLANG_WARN_STRICT_PROTOTYPES = YES;
				CLANG_WARN_SUSPICIOUS_MOVE = YES;
				CLANG_WARN_UNGUARDED_AVAILABILITY = YES_AGGRESSIVE;
				CLANG_WARN_UNREACHABLE_CODE = YES;
				CLANG_WARN__DUPLICATE_METHOD_MATCH = YES;
				COPY_PHASE_STRIP = NO;
				DEBUG_INFORMATION_FORMAT = dwarf;
				DEVELOPMENT_TEAM = VKJ9Y8Y2K2;
				ENABLE_STRICT_OBJC_MSGSEND = YES;
				ENABLE_TESTABILITY = YES;
				ENABLE_USER_SCRIPT_SANDBOXING = YES;
				GCC_C_LANGUAGE_STANDARD = gnu17;
				GCC_DYNAMIC_NO_PIC = NO;
				GCC_NO_COMMON_BLOCKS = YES;
				GCC_OPTIMIZATION_LEVEL = 0;
				GCC_PREPROCESSOR_DEFINITIONS = (
					"DEBUG=1",
					"$(inherited)",
				);
				GCC_WARN_64_TO_32_BIT_CONVERSION = YES;
				GCC_WARN_ABOUT_RETURN_TYPE = YES_ERROR;
				GCC_WARN_UNDECLARED_SELECTOR = YES;
				GCC_WARN_UNINITIALIZED_AUTOS = YES_AGGRESSIVE;
				GCC_WARN_UNUSED_FUNCTION = YES;
				GCC_WARN_UNUSED_VARIABLE = YES;
				IPHONEOS_DEPLOYMENT_TARGET = 18.4;
				LOCALIZATION_PREFERS_STRING_CATALOGS = YES;
				MTL_ENABLE_DEBUG_INFO = INCLUDE_SOURCE;
				MTL_FAST_MATH = YES;
				ONLY_ACTIVE_ARCH = YES;
				SDKROOT = iphoneos;
				SWIFT_ACTIVE_COMPILATION_CONDITIONS = "DEBUG $(inherited)";
				SWIFT_OPTIMIZATION_LEVEL = "-Onone";
			};
			name = Debug;
		};
		1889B3332E4A4695006EDFFA /* Release */ = {
			isa = XCBuildConfiguration;
			buildSettings = {
				ALWAYS_SEARCH_USER_PATHS = NO;
				ASSETCATALOG_COMPILER_GENERATE_SWIFT_ASSET_SYMBOL_EXTENSIONS = YES;
				CLANG_ANALYZER_NONNULL = YES;
				CLANG_ANALYZER_NUMBER_OBJECT_CONVERSION = YES_AGGRESSIVE;
				CLANG_CXX_LANGUAGE_STANDARD = "gnu++20";
				CLANG_ENABLE_MODULES = YES;
				CLANG_ENABLE_OBJC_ARC = YES;
				CLANG_ENABLE_OBJC_WEAK = YES;
				CLANG_WARN_BLOCK_CAPTURE_AUTORELEASING = YES;
				CLANG_WARN_BOOL_CONVERSION = YES;
				CLANG_WARN_COMMA = YES;
				CLANG_WARN_CONSTANT_CONVERSION = YES;
				CLANG_WARN_DEPRECATED_OBJC_IMPLEMENTATIONS = YES;
				CLANG_WARN_DIRECT_OBJC_ISA_USAGE = YES_ERROR;
				CLANG_WARN_DOCUMENTATION_COMMENTS = YES;
				CLANG_WARN_EMPTY_BODY = YES;
				CLANG_WARN_ENUM_CONVERSION = YES;
				CLANG_WARN_INFINITE_RECURSION = YES;
				CLANG_WARN_INT_CONVERSION = YES;
				CLANG_WARN_NON_LITERAL_NULL_CONVERSION = YES;
				CLANG_WARN_OBJC_IMPLICIT_RETAIN_SELF = YES;
				CLANG_WARN_OBJC_LITERAL_CONVERSION = YES;
				CLANG_WARN_OBJC_ROOT_CLASS = YES_ERROR;
				CLANG_WARN_QUOTED_INCLUDE_IN_FRAMEWORK_HEADER = YES;
				CLANG_WARN_RANGE_LOOP_ANALYSIS = YES;
				CLANG_WARN_STRICT_PROTOTYPES = YES;
				CLANG_WARN_SUSPICIOUS_MOVE = YES;
				CLANG_WARN_UNGUARDED_AVAILABILITY = YES_AGGRESSIVE;
				CLANG_WARN_UNREACHABLE_CODE = YES;
				CLANG_WARN__DUPLICATE_METHOD_MATCH = YES;
				COPY_PHASE_STRIP = NO;
				DEBUG_INFORMATION_FORMAT = "dwarf-with-dsym";
				DEVELOPMENT_TEAM = VKJ9Y8Y2K2;
				ENABLE_NS_ASSERTIONS = NO;
				ENABLE_STRICT_OBJC_MSGSEND = YES;
				ENABLE_USER_SCRIPT_SANDBOXING = YES;
				GCC_C_LANGUAGE_STANDARD = gnu17;
				GCC_NO_COMMON_BLOCKS = YES;
				GCC_WARN_64_TO_32_BIT_CONVERSION = YES;
				GCC_WARN_ABOUT_RETURN_TYPE = YES_ERROR;
				GCC_WARN_UNDECLARED_SELECTOR = YES;
				GCC_WARN_UNINITIALIZED_AUTOS = YES_AGGRESSIVE;
				GCC_WARN_UNUSED_FUNCTION = YES;
				GCC_WARN_UNUSED_VARIABLE = YES;
				IPHONEOS_DEPLOYMENT_TARGET = 18.4;
				LOCALIZATION_PREFERS_STRING_CATALOGS = YES;
				MTL_ENABLE_DEBUG_INFO = NO;
				MTL_FAST_MATH = YES;
				SDKROOT = iphoneos;
				SWIFT_COMPILATION_MODE = wholemodule;
				VALIDATE_PRODUCT = YES;
			};
			name = Release;
		};
		1889B3352E4A4695006EDFFA /* Debug */ = {
			isa = XCBuildConfiguration;
			buildSettings = {
				ASSETCATALOG_COMPILER_APPICON_NAME = AppIcon;
				ASSETCATALOG_COMPILER_GLOBAL_ACCENT_COLOR_NAME = AccentColor;
				CODE_SIGN_STYLE = Automatic;
				CURRENT_PROJECT_VERSION = 1;
				DEVELOPMENT_TEAM = VKJ9Y8Y2K2;
				ENABLE_PREVIEWS = YES;
				GENERATE_INFOPLIST_FILE = YES;
				INFOPLIST_KEY_UIApplicationSceneManifest_Generation = YES;
				INFOPLIST_KEY_UIApplicationSupportsIndirectInputEvents = YES;
				INFOPLIST_KEY_UILaunchScreen_Generation = YES;
				INFOPLIST_KEY_UISupportedInterfaceOrientations_iPad = "UIInterfaceOrientationPortrait UIInterfaceOrientationPortraitUpsideDown UIInterfaceOrientationLandscapeLeft UIInterfaceOrientationLandscapeRight";
				INFOPLIST_KEY_UISupportedInterfaceOrientations_iPhone = "UIInterfaceOrientationPortrait UIInterfaceOrientationLandscapeLeft UIInterfaceOrientationLandscapeRight";
				LD_RUNPATH_SEARCH_PATHS = (
					"$(inherited)",
					"@executable_path/Frameworks",
				);
				MARKETING_VERSION = 1.0;
				PRODUCT_BUNDLE_IDENTIFIER = com.golfsim.GolfSimApp;
				PRODUCT_NAME = "$(TARGET_NAME)";
				SWIFT_EMIT_LOC_STRINGS = YES;
				SWIFT_VERSION = 5.0;
				TARGETED_DEVICE_FAMILY = "1,2";
			};
			name = Debug;
		};
		1889B3362E4A4695006EDFFA /* Release */ = {
			isa = XCBuildConfiguration;
			buildSettings = {
				ASSETCATALOG_COMPILER_APPICON_NAME = AppIcon;
				ASSETCATALOG_COMPILER_GLOBAL_ACCENT_COLOR_NAME = AccentColor;
				CODE_SIGN_STYLE = Automatic;
				CURRENT_PROJECT_VERSION = 1;
				DEVELOPMENT_TEAM = VKJ9Y8Y2K2;
				ENABLE_PREVIEWS = YES;
				GENERATE_INFOPLIST_FILE = YES;
				INFOPLIST_KEY_UIApplicationSceneManifest_Generation = YES;
				INFOPLIST_KEY_UIApplicationSupportsIndirectInputEvents = YES;
				INFOPLIST_KEY_UILaunchScreen_Generation = YES;
				INFOPLIST_KEY_UISupportedInterfaceOrientations_iPad = "UIInterfaceOrientationPortrait UIInterfaceOrientationPortraitUpsideDown UIInterfaceOrientationLandscapeLeft UIInterfaceOrientationLandscapeRight";
				INFOPLIST_KEY_UISupportedInterfaceOrientations_iPhone = "UIInterfaceOrientationPortrait UIInterfaceOrientationLandscapeLeft UIInterfaceOrientationLandscapeRight";
				LD_RUNPATH_SEARCH_PATHS = (
					"$(inherited)",
					"@executable_path/Frameworks",
				);
				MARKETING_VERSION = 1.0;
				PRODUCT_BUNDLE_IDENTIFIER = com.golfsim.GolfSimApp;
				PRODUCT_NAME = "$(TARGET_NAME)";
				SWIFT_EMIT_LOC_STRINGS = YES;
				SWIFT_VERSION = 5.0;
				TARGETED_DEVICE_FAMILY = "1,2";
			};
			name = Release;
		};
		1889B3382E4A4695006EDFFA /* Debug */ = {
			isa = XCBuildConfiguration;
			buildSettings = {
				BUNDLE_LOADER = "$(TEST_HOST)";
				CODE_SIGN_STYLE = Automatic;
				CURRENT_PROJECT_VERSION = 1;
				DEVELOPMENT_TEAM = VKJ9Y8Y2K2;
				GENERATE_INFOPLIST_FILE = YES;
				IPHONEOS_DEPLOYMENT_TARGET = 18.4;
				MARKETING_VERSION = 1.0;
				PRODUCT_BUNDLE_IDENTIFIER = com.golfsim.GolfSimAppTests;
				PRODUCT_NAME = "$(TARGET_NAME)";
				SWIFT_EMIT_LOC_STRINGS = NO;
				SWIFT_VERSION = 5.0;
				TARGETED_DEVICE_FAMILY = "1,2";
				TEST_HOST = "$(BUILT_PRODUCTS_DIR)/GolfSimApp.app/$(BUNDLE_EXECUTABLE_FOLDER_PATH)/GolfSimApp";
			};
			name = Debug;
		};
		1889B3392E4A4695006EDFFA /* Release */ = {
			isa = XCBuildConfiguration;
			buildSettings = {
				BUNDLE_LOADER = "$(TEST_HOST)";
				CODE_SIGN_STYLE = Automatic;
				CURRENT_PROJECT_VERSION = 1;
				DEVELOPMENT_TEAM = VKJ9Y8Y2K2;
				GENERATE_INFOPLIST_FILE = YES;
				IPHONEOS_DEPLOYMENT_TARGET = 18.4;
				MARKETING_VERSION = 1.0;
				PRODUCT_BUNDLE_IDENTIFIER = com.golfsim.GolfSimAppTests;
				PRODUCT_NAME = "$(TARGET_NAME)";
				SWIFT_EMIT_LOC_STRINGS = NO;
				SWIFT_VERSION = 5.0;
				TARGETED_DEVICE_FAMILY = "1,2";
				TEST_HOST = "$(BUILT_PRODUCTS_DIR)/GolfSimApp.app/$(BUNDLE_EXECUTABLE_FOLDER_PATH)/GolfSimApp";
			};
			name = Release;
		};
		1889B33B2E4A4695006EDFFA /* Debug */ = {
			isa = XCBuildConfiguration;
			buildSettings = {
				CODE_SIGN_STYLE = Automatic;
				CURRENT_PROJECT_VERSION = 1;
				DEVELOPMENT_TEAM = VKJ9Y8Y2K2;
				GENERATE_INFOPLIST_FILE = YES;
				MARKETING_VERSION = 1.0;
				PRODUCT_BUNDLE_IDENTIFIER = com.golfsim.GolfSimAppUITests;
				PRODUCT_NAME = "$(TARGET_NAME)";
				SWIFT_EMIT_LOC_STRINGS = NO;
				SWIFT_VERSION = 5.0;
				TARGETED_DEVICE_FAMILY = "1,2";
				TEST_TARGET_NAME = GolfSimApp;
			};
			name = Debug;
		};
		1889B33C2E4A4695006EDFFA /* Release */ = {
			isa = XCBuildConfiguration;
			buildSettings = {
				CODE_SIGN_STYLE = Automatic;
				CURRENT_PROJECT_VERSION = 1;
				DEVELOPMENT_TEAM = VKJ9Y8Y2K2;
				GENERATE_INFOPLIST_FILE = YES;
				MARKETING_VERSION = 1.0;
				PRODUCT_BUNDLE_IDENTIFIER = com.golfsim.GolfSimAppUITests;
				PRODUCT_NAME = "$(TARGET_NAME)";
				SWIFT_EMIT_LOC_STRINGS = NO;
				SWIFT_VERSION = 5.0;
				TARGETED_DEVICE_FAMILY = "1,2";
				TEST_TARGET_NAME = GolfSimApp;
			};
			name = Release;
		};
/* End XCBuildConfiguration section */

/* Begin XCConfigurationList section */
		1889B30E2E4A4694006EDFFA /* Build configuration list for PBXProject "GolfSimApp" */ = {
			isa = XCConfigurationList;
			buildConfigurations = (
				1889B3322E4A4695006EDFFA /* Debug */,
				1889B3332E4A4695006EDFFA /* Release */,
			);
			defaultConfigurationIsVisible = 0;
			defaultConfigurationName = Release;
		};
		1889B3342E4A4695006EDFFA /* Build configuration list for PBXNativeTarget "GolfSimApp" */ = {
			isa = XCConfigurationList;
			buildConfigurations = (
				1889B3352E4A4695006EDFFA /* Debug */,
				1889B3362E4A4695006EDFFA /* Release */,
			);
			defaultConfigurationIsVisible = 0;
			defaultConfigurationName = Release;
		};
		1889B3372E4A4695006EDFFA /* Build configuration list for PBXNativeTarget "GolfSimAppTests" */ = {
			isa = XCConfigurationList;
			buildConfigurations = (
				1889B3382E4A4695006EDFFA /* Debug */,
				1889B3392E4A4695006EDFFA /* Release */,
			);
			defaultConfigurationIsVisible = 0;
			defaultConfigurationName = Release;
		};
		1889B33A2E4A4695006EDFFA /* Build configuration list for PBXNativeTarget "GolfSimAppUITests" */ = {
			isa = XCConfigurationList;
			buildConfigurations = (
				1889B33B2E4A4695006EDFFA /* Debug */,
				1889B33C2E4A4695006EDFFA /* Release */,
			);
			defaultConfigurationIsVisible = 0;
			defaultConfigurationName = Release;
		};
/* End XCConfigurationList section */
	};
	rootObject = 1889B30B2E4A4694006EDFFA /* Project object */;
}
